<?xml version="1.0" encoding="utf-8"?>
<Project ToolsVersion="4.0" xmlns="http://schemas.microsoft.com/developer/msbuild/2003">
  <ItemGroup>
    <Filter Include="Source Files">
      <UniqueIdentifier>{4FC737F1-C7A5-4376-A066-2A32D752A2FF}</UniqueIdentifier>
      <Extensions>cpp;c;cc;cxx;c++;cppm;ixx;def;odl;idl;hpj;bat;asm;asmx</Extensions>
    </Filter>
    <Filter Include="Header Files">
      <UniqueIdentifier>{93995380-89BD-4b04-88EB-625FBE52EBFB}</UniqueIdentifier>
      <Extensions>h;hh;hpp;hxx;h++;hm;inl;inc;ipp;xsd</Extensions>
    </Filter>
    <Filter Include="Resource Files">
      <UniqueIdentifier>{67DA6AB6-F800-4c08-8B7A-83BB121AAD01}</UniqueIdentifier>
      <Extensions>rc;ico;cur;bmp;dlg;rc2;rct;bin;rgs;gif;jpg;jpeg;jpe;resx;tiff;tif;png;wav;mfcribbon-ms</Extensions>
    </Filter>
    <Filter Include="Header Files\Attachables">
      <UniqueIdentifier>{ff291ee8-f870-416d-b2bb-28c7623a8c43}</UniqueIdentifier>
    </Filter>
    <Filter Include="Source Files\Attachables">
      <UniqueIdentifier>{758ef84f-4fb4-4116-a7bb-9dc37f58a035}</UniqueIdentifier>
    </Filter>
    <Filter Include="Header Files\SceneNodes">
      <UniqueIdentifier>{fe0829e4-b552-4301-bfef-707be7d69522}</UniqueIdentifier>
    </Filter>
    <Filter Include="Source Files\SceneNodes">
      <UniqueIdentifier>{b29039df-f088-4dfd-af54-ebb4a4a5ea6d}</UniqueIdentifier>
    </Filter>
    <Filter Include="Header Files\Worlds">
      <UniqueIdentifier>{752dfb37-1993-4ed3-bec5-4900ff4154e3}</UniqueIdentifier>
    </Filter>
    <Filter Include="Source Files\Worlds">
      <UniqueIdentifier>{e11577be-0e80-43ed-a204-cf745261e2cc}</UniqueIdentifier>
    </Filter>
    <Filter Include="Header Files\States">
      <UniqueIdentifier>{15d1730e-f93a-4072-b3f4-57d64cbc3ece}</UniqueIdentifier>
    </Filter>
    <Filter Include="Header Files\States">
      <UniqueIdentifier>{0c32407e-890e-43cf-b281-27cffe6baf90}</UniqueIdentifier>
    </Filter>
    <Filter Include="Source Files\States">
      <UniqueIdentifier>{34469026-1653-4921-b623-660d61954582}</UniqueIdentifier>
    </Filter>
    <Filter Include="Source Files\Commands">
      <UniqueIdentifier>{27f367b0-db04-4aef-8cc7-9b144fe7839f}</UniqueIdentifier>
    </Filter>
    <Filter Include="Header Files\Commands">
      <UniqueIdentifier>{5b1a87e2-ca12-459e-8054-71df7a185609}</UniqueIdentifier>
    </Filter>
    <Filter Include="Header Files\Input">
      <UniqueIdentifier>{9c71747b-a00a-4c75-912e-792274638873}</UniqueIdentifier>
    </Filter>
    <Filter Include="Header Files\UI">
      <UniqueIdentifier>{1ad7773c-ee0e-4852-b2bc-1e8eec71e9b7}</UniqueIdentifier>
    </Filter>
    <Filter Include="Source Files\Input">
      <UniqueIdentifier>{6f8c75cc-ab8c-486c-b5f3-342c055ca077}</UniqueIdentifier>
    </Filter>
    <Filter Include="Source Files\UI">
      <UniqueIdentifier>{9fbb5d93-0abf-4d5b-911d-5ce7f6af9fda}</UniqueIdentifier>
    </Filter>
    <Filter Include="Header Files\Enums">
      <UniqueIdentifier>{5b5eef3b-3a85-44c4-8aa8-b6102ed776cf}</UniqueIdentifier>
    </Filter>
    <Filter Include="Header Files\Sound">
      <UniqueIdentifier>{a1a7c67d-91c7-4e3d-8731-17d487bd330b}</UniqueIdentifier>
    </Filter>
    <Filter Include="Source Files\Sound">
      <UniqueIdentifier>{86d54085-5144-42f5-b6c8-379c6bf4b679}</UniqueIdentifier>
    </Filter>
    <Filter Include="Header Files\General">
      <UniqueIdentifier>{0420f608-3ef4-4dc1-a251-40d66a323a0d}</UniqueIdentifier>
    </Filter>
    <Filter Include="Source Files\General">
      <UniqueIdentifier>{8f4766ab-7b6b-4868-8365-db495c159446}</UniqueIdentifier>
    </Filter>
    <Filter Include="Source Files\Enums">
      <UniqueIdentifier>{af676857-083b-44e8-8565-b90e11ce3765}</UniqueIdentifier>
    </Filter>
  </ItemGroup>
  <ItemGroup>
    <ClCompile Include="entity.cpp">
      <Filter>Source Files</Filter>
    </ClCompile>
    <ClCompile Include="data_tables.cpp">
      <Filter>Source Files</Filter>
    </ClCompile>
    <ClCompile Include="animation.cpp">
      <Filter>Source Files</Filter>
    </ClCompile>
    <ClCompile Include="post_effect.cpp">
      <Filter>Source Files</Filter>
    </ClCompile>
    <ClCompile Include="bloom_effect.cpp">
      <Filter>Source Files</Filter>
    </ClCompile>
    <ClCompile Include="attachable_behaviour.cpp">
      <Filter>Source Files\Attachables</Filter>
    </ClCompile>
    <ClCompile Include="health_behaviour.cpp">
      <Filter>Source Files\Attachables</Filter>
    </ClCompile>
    <ClCompile Include="sprite_behaviour.cpp">
      <Filter>Source Files\Attachables</Filter>
    </ClCompile>
    <ClCompile Include="base_collider_behaviour.cpp">
      <Filter>Source Files\Attachables</Filter>
    </ClCompile>
    <ClCompile Include="box_collider_behaviour.cpp">
      <Filter>Source Files\Attachables</Filter>
    </ClCompile>
    <ClCompile Include="basic_rectangle.cpp">
      <Filter>Source Files\SceneNodes</Filter>
    </ClCompile>
    <ClCompile Include="player.cpp">
      <Filter>Source Files\SceneNodes</Filter>
    </ClCompile>
    <ClCompile Include="player_movement_behaviour.cpp">
      <Filter>Source Files\Attachables</Filter>
    </ClCompile>
    <ClCompile Include="world.cpp">
      <Filter>Source Files\Worlds</Filter>
    </ClCompile>
    <ClCompile Include="level.cpp">
      <Filter>Source Files</Filter>
    </ClCompile>
    <ClCompile Include="star.cpp">
      <Filter>Source Files\SceneNodes</Filter>
    </ClCompile>
    <ClCompile Include="player_animation_behaviour.cpp">
      <Filter>Source Files\Attachables</Filter>
    </ClCompile>
    <ClCompile Include="level.cpp">
      <Filter>Source Files</Filter>
    </ClCompile>
    <ClCompile Include="game_state.cpp">
      <Filter>Source Files\States</Filter>
    </ClCompile>
    <ClCompile Include="menu_state.cpp">
      <Filter>Source Files\States</Filter>
    </ClCompile>
    <ClCompile Include="title_state.cpp">
      <Filter>Source Files\States</Filter>
    </ClCompile>
    <ClCompile Include="title_world.cpp">
      <Filter>Source Files\Worlds</Filter>
    </ClCompile>
    <ClCompile Include="sprite_node.cpp">
      <Filter>Source Files\SceneNodes</Filter>
    </ClCompile>
    <ClCompile Include="game_over_state.cpp">
      <Filter>Source Files\States</Filter>
    </ClCompile>
    <ClCompile Include="sound_node.cpp">
      <Filter>Source Files\SceneNodes</Filter>
    </ClCompile>
    <ClCompile Include="dropped_star_behaviour.cpp">
      <Filter>Source Files\Attachables</Filter>
    </ClCompile>
    <ClCompile Include="menu_world.cpp">
      <Filter>Source Files\Worlds</Filter>
    </ClCompile>
    <ClCompile Include="animation_behaviour.cpp">
      <Filter>Source Files\Attachables</Filter>
    </ClCompile>
    <ClCompile Include="scene_node.cpp">
      <Filter>Source Files\SceneNodes</Filter>
    </ClCompile>
    <ClCompile Include="text_node.cpp">
      <Filter>Source Files\SceneNodes</Filter>
    </ClCompile>
    <ClCompile Include="state.cpp">
      <Filter>Source Files\States</Filter>
    </ClCompile>
    <ClCompile Include="state_stack.cpp">
      <Filter>Source Files\States</Filter>
    </ClCompile>
    <ClCompile Include="star_spawner.cpp">
      <Filter>Source Files\SceneNodes</Filter>
    </ClCompile>
    <ClCompile Include="command_queue.cpp">
      <Filter>Source Files\Commands</Filter>
    </ClCompile>
    <ClCompile Include="command.cpp">
      <Filter>Source Files\Commands</Filter>
    </ClCompile>
    <ClCompile Include="music_player.cpp">
      <Filter>Source Files\Sound</Filter>
    </ClCompile>
    <ClCompile Include="sound_player.cpp">
      <Filter>Source Files\Sound</Filter>
    </ClCompile>
    <ClCompile Include="physic_body.cpp">
      <Filter>Source Files\Attachables</Filter>
    </ClCompile>
    <ClCompile Include="input_manager.cpp">
      <Filter>Source Files\Input</Filter>
    </ClCompile>
    <ClCompile Include="game.cpp">
      <Filter>Source Files\General</Filter>
    </ClCompile>
    <ClCompile Include="container.cpp">
      <Filter>Source Files\UI</Filter>
    </ClCompile>
    <ClCompile Include="component.cpp">
      <Filter>Source Files\UI</Filter>
    </ClCompile>
    <ClCompile Include="button.cpp">
      <Filter>Source Files\UI</Filter>
    </ClCompile>
    <ClCompile Include="game_world.cpp">
      <Filter>Source Files\Worlds</Filter>
    </ClCompile>
    <ClCompile Include="main.cpp">
      <Filter>Source Files\General</Filter>
    </ClCompile>
    <ClCompile Include="test_attachable_behaviour.cpp">
      <Filter>Source Files\Attachables</Filter>
    </ClCompile>
    <ClCompile Include="label.cpp">
      <Filter>Source Files\UI</Filter>
    </ClCompile>
    <ClCompile Include="player_type.cpp">
      <Filter>Source Files\Enums</Filter>
    </ClCompile>
    <ClCompile Include="utility.cpp">
      <Filter>Source Files\General</Filter>
    </ClCompile>
    <ClCompile Include="texture_holder.cpp">
      <Filter>Source Files\General</Filter>
    </ClCompile>
    <ClCompile Include="application.cpp">
      <Filter>Source Files\General</Filter>
    </ClCompile>
    <ClCompile Include="player_score_manager.cpp">
      <Filter>Source Files\Attachables</Filter>
    </ClCompile>
    <ClCompile Include="animation_behaviour.cpp">
      <Filter>Source Files\Attachables</Filter>
    </ClCompile>
    <ClCompile Include="text_node_behaviour.cpp">
      <Filter>Source Files</Filter>
    </ClCompile>
  </ItemGroup>
  <ItemGroup>
    <ClInclude Include="entity.hpp">
      <Filter>Header Files</Filter>
    </ClInclude>
    <ClInclude Include="stack_action.hpp">
      <Filter>Header Files</Filter>
    </ClInclude>
    <ClInclude Include="state_stack.hpp">
      <Filter>Header Files</Filter>
    </ClInclude>
    <ClInclude Include="data_tables.hpp">
      <Filter>Header Files</Filter>
    </ClInclude>
    <ClInclude Include="post_effect.hpp">
      <Filter>Header Files</Filter>
    </ClInclude>
    <ClInclude Include="bloom_effect.hpp">
      <Filter>Header Files</Filter>
    </ClInclude>
    <ClInclude Include="shader_types.hpp">
      <Filter>Header Files</Filter>
    </ClInclude>
    <ClInclude Include="attachable_behaviour.hpp">
      <Filter>Header Files\Attachables</Filter>
    </ClInclude>
    <ClInclude Include="health_behaviour.hpp">
      <Filter>Header Files\Attachables</Filter>
    </ClInclude>
    <ClInclude Include="sprite_behaviour.hpp">
      <Filter>Header Files\Attachables</Filter>
    </ClInclude>
    <ClInclude Include="player_movement_behaviour.hpp">
      <Filter>Header Files\Attachables</Filter>
    </ClInclude>
    <ClInclude Include="base_collider_behaviour.hpp">
      <Filter>Header Files\Attachables</Filter>
    </ClInclude>
    <ClInclude Include="box_collider_behaviour.hpp">
      <Filter>Header Files\Attachables</Filter>
    </ClInclude>
    <ClInclude Include="basic_rectangle.hpp">
      <Filter>Header Files\SceneNodes</Filter>
    </ClInclude>
    <ClInclude Include="player.hpp">
      <Filter>Header Files\SceneNodes</Filter>
    </ClInclude>
    <ClInclude Include="game_world.hpp">
      <Filter>Header Files\Worlds</Filter>
    </ClInclude>
    <ClInclude Include="level.hpp">
      <Filter>Header Files</Filter>
    </ClInclude>
    <ClInclude Include="star.hpp">
      <Filter>Header Files\SceneNodes</Filter>
    </ClInclude>
    <ClInclude Include="player_animation_behaviour.hpp">
      <Filter>Header Files\Attachables</Filter>
    </ClInclude>
    <ClInclude Include="game_state.hpp">
      <Filter>Header Files\States</Filter>
    </ClInclude>
    <ClInclude Include="level.hpp">
      <Filter>Header Files</Filter>
    </ClInclude>
    <ClInclude Include="game_state.hpp">
      <Filter>Header Files\States</Filter>
    </ClInclude>
    <ClInclude Include="title_state.hpp">
      <Filter>Header Files\States</Filter>
    </ClInclude>
    <ClInclude Include="menu_state.hpp">
      <Filter>Header Files\States</Filter>
    </ClInclude>
    <ClInclude Include="action.hpp">
      <Filter>Header Files\Input</Filter>
    </ClInclude>
    <ClInclude Include="animation_behaviour.hpp">
      <Filter>Header Files\Attachables</Filter>
    </ClInclude>
    <ClInclude Include="command.hpp">
      <Filter>Header Files\Commands</Filter>
    </ClInclude>
    <ClInclude Include="command_queue.hpp">
      <Filter>Header Files\Commands</Filter>
    </ClInclude>
    <ClInclude Include="text_node.hpp">
      <Filter>Header Files\SceneNodes</Filter>
    </ClInclude>
    <ClInclude Include="test_attachable_behaviour.hpp">
      <Filter>Header Files\Attachables</Filter>
    </ClInclude>
    <ClInclude Include="button.hpp">
      <Filter>Header Files\UI</Filter>
    </ClInclude>
    <ClInclude Include="container.hpp">
      <Filter>Header Files\UI</Filter>
    </ClInclude>
    <ClInclude Include="component.hpp">
      <Filter>Header Files\UI</Filter>
    </ClInclude>
    <ClInclude Include="button_type.hpp">
      <Filter>Header Files\UI</Filter>
    </ClInclude>
    <ClInclude Include="dropped_star_behaviour.hpp">
      <Filter>Header Files\Attachables</Filter>
    </ClInclude>
    <ClInclude Include="font.hpp">
      <Filter>Header Files\UI</Filter>
    </ClInclude>
    <ClInclude Include="input_manager.hpp">
      <Filter>Header Files\Input</Filter>
    </ClInclude>
    <ClInclude Include="input_types.hpp">
      <Filter>Header Files\Input</Filter>
    </ClInclude>
    <ClInclude Include="label.hpp">
      <Filter>Header Files\UI</Filter>
    </ClInclude>
    <ClInclude Include="application.hpp">
      <Filter>Header Files\General</Filter>
    </ClInclude>
    <ClInclude Include="game.hpp">
      <Filter>Header Files\General</Filter>
    </ClInclude>
    <ClInclude Include="menu_world.hpp">
      <Filter>Header Files\Worlds</Filter>
    </ClInclude>
    <ClInclude Include="menu_options.hpp">
      <Filter>Header Files\UI</Filter>
    </ClInclude>
    <ClInclude Include="music_player.hpp">
      <Filter>Header Files\Sound</Filter>
    </ClInclude>
    <ClInclude Include="sound_player.hpp">
      <Filter>Header Files\Sound</Filter>
    </ClInclude>
    <ClInclude Include="sprite_node.hpp">
      <Filter>Header Files\SceneNodes</Filter>
    </ClInclude>
    <ClInclude Include="sound_node.hpp">
      <Filter>Header Files\SceneNodes</Filter>
    </ClInclude>
    <ClInclude Include="star_spawner.hpp">
      <Filter>Header Files\SceneNodes</Filter>
    </ClInclude>
    <ClInclude Include="receiver_categories.hpp">
      <Filter>Header Files\Commands</Filter>
    </ClInclude>
    <ClInclude Include="state.hpp">
      <Filter>Header Files\States</Filter>
    </ClInclude>
    <ClInclude Include="physic_body.hpp">
      <Filter>Header Files\Attachables</Filter>
    </ClInclude>
    <ClInclude Include="scene_node.hpp">
      <Filter>Header Files\SceneNodes</Filter>
    </ClInclude>
    <ClInclude Include="title_world.hpp">
      <Filter>Header Files\Worlds</Filter>
    </ClInclude>
    <ClInclude Include="world.hpp">
      <Filter>Header Files\Worlds</Filter>
    </ClInclude>
    <ClInclude Include="player_type.hpp">
      <Filter>Header Files\Enums</Filter>
    </ClInclude>
    <ClInclude Include="mission_status.hpp">
      <Filter>Header Files\Enums</Filter>
    </ClInclude>
    <ClInclude Include="scene_layers.hpp">
      <Filter>Header Files\Enums</Filter>
    </ClInclude>
    <ClInclude Include="state_id.hpp">
      <Filter>Header Files\States</Filter>
    </ClInclude>
    <ClInclude Include="texture_id.hpp">
      <Filter>Header Files\Enums</Filter>
    </ClInclude>
    <ClInclude Include="sound_effect.hpp">
      <Filter>Header Files\Sound</Filter>
    </ClInclude>
    <ClInclude Include="music_themes.hpp">
      <Filter>Header Files\Sound</Filter>
    </ClInclude>
    <ClInclude Include="utility.hpp">
      <Filter>Header Files\General</Filter>
    </ClInclude>
    <ClInclude Include="constants.hpp">
      <Filter>Header Files\General</Filter>
    </ClInclude>
    <ClInclude Include="resource_holder.hpp">
      <Filter>Header Files\General</Filter>
    </ClInclude>
    <ClInclude Include="resource_identifiers.hpp">
      <Filter>Header Files\General</Filter>
    </ClInclude>
    <ClInclude Include="texture_holder.hpp">
      <Filter>Header Files\General</Filter>
    </ClInclude>
    <ClInclude Include="player_score_manager.hpp">
      <Filter>Header Files\Attachables</Filter>
    </ClInclude>
    <ClInclude Include="text_node_behaviour.hpp">
      <Filter>Header Files</Filter>
    </ClInclude>
    <ClInclude Include="animation_behaviour.hpp">
      <Filter>Header Files\Attachables</Filter>
    </ClInclude>
  </ItemGroup>
  <ItemGroup>
    <None Include="resource_holder.inl">
      <Filter>Source Files</Filter>
    </None>
  </ItemGroup>
</Project>